
Microsoft Visual Studio Solution File, Format Version 12.00
# Visual Studio Version 16
VisualStudioVersion = 16.0.28803.352
MinimumVisualStudioVersion = 10.0.40219.1
Project("{FAE04EC0-301F-11D3-BF4B-00C04F79EFBC}") = "DapperRepository", "DapperRepository\DapperRepository.csproj", "{74B4B402-B3BB-47B3-A737-DC021A897BC1}"
EndProject
Project("{FAE04EC0-301F-11D3-BF4B-00C04F79EFBC}") = "DapperRepository.ConsoleTest", "DapperRepository.ConsoleTest\DapperRepository.ConsoleTest.csproj", "{4287CF70-5FCC-45C6-B415-DBEC3928D7AB}"
EndProject
Global
	GlobalSection(SolutionConfigurationPlatforms) = preSolution
		Debug|Any CPU = Debug|Any CPU
		Release|Any CPU = Release|Any CPU
	EndGlobalSection
	GlobalSection(ProjectConfigurationPlatforms) = postSolution
		{74B4B402-B3BB-47B3-A737-DC021A897BC1}.Debug|Any CPU.ActiveCfg = Debug|Any CPU
		{74B4B402-B3BB-47B3-A737-DC021A897BC1}.Debug|Any CPU.Build.0 = Debug|Any CPU
		{74B4B402-B3BB-47B3-A737-DC021A897BC1}.Release|Any CPU.ActiveCfg = Release|Any CPU
		{74B4B402-B3BB-47B3-A737-DC021A897BC1}.Release|Any CPU.Build.0 = Release|Any CPU
		{4287CF70-5FCC-45C6-B415-DBEC3928D7AB}.Debug|Any CPU.ActiveCfg = Debug|Any CPU
		{4287CF70-5FCC-45C6-B415-DBEC3928D7AB}.Debug|Any CPU.Build.0 = Debug|Any CPU
		{4287CF70-5FCC-45C6-B415-DBEC3928D7AB}.Release|Any CPU.ActiveCfg = Release|Any CPU
		{4287CF70-5FCC-45C6-B415-DBEC3928D7AB}.Release|Any CPU.Build.0 = Release|Any CPU
	EndGlobalSection
	GlobalSection(SolutionProperties) = preSolution
		HideSolutionNode = FALSE
	EndGlobalSection
	GlobalSection(ExtensibilityGlobals) = postSolution
		SolutionGuid = {6EBCEF7B-F5EF-488B-8A35-5F145ABE2FCA}
	EndGlobalSection
EndGlobal
